
Microsoft Visual Studio Solution File, Format Version 12.00
# Visual Studio Version 18
VisualStudioVersion = 18.3.11312.210 d18.3
MinimumVisualStudioVersion = 10.0.40219.1
Project("{FAE04EC0-301F-11D3-BF4B-00C04F79EFBC}") = "VSKeyExtractor", "VSKeyExtractor.csproj", "{CCC458E3-BA11-4AE2-B492-5E5DFCC0DC82}"
EndProject
Global
	GlobalSection(SolutionConfigurationPlatforms) = preSolution
		Debug|Any CPU = Debug|Any CPU
		Release|Any CPU = Release|Any CPU
	EndGlobalSection
	GlobalSection(ProjectConfigurationPlatforms) = postSolution
		{CCC458E3-BA11-4AE2-B492-5E5DFCC0DC82}.Debug|Any CPU.ActiveCfg = Debug|Any CPU
		{CCC458E3-BA11-4AE2-B492-5E5DFCC0DC82}.Debug|Any CPU.Build.0 = Debug|Any CPU
		{CCC458E3-BA11-4AE2-B492-5E5DFCC0DC82}.Release|Any CPU.ActiveCfg = Release|Any CPU
		{CCC458E3-BA11-4AE2-B492-5E5DFCC0DC82}.Release|Any CPU.Build.0 = Release|Any CPU
	EndGlobalSection
	GlobalSection(SolutionProperties) = preSolution
		HideSolutionNode = FALSE
	EndGlobalSection
	GlobalSection(ExtensibilityGlobals) = postSolution
		SolutionGuid = {1AC23956-8F08-4C79-85DE-86F692474F69}
	EndGlobalSection
EndGlobal
